
Microsoft Visual Studio Solution File, Format Version 12.00
# Visual Studio Version 18
VisualStudioVersion = 18.6.11806.211 stable
MinimumVisualStudioVersion = 10.0.40219.1
Project("{FAE04EC0-301F-11D3-BF4B-00C04F79EFBC}") = "ShopApp.Mobile", "ShopApp.Mobile.csproj", "{44EBDF72-D207-7CBD-5DC3-4FF68CC149DB}"
EndProject
Global
	GlobalSection(SolutionConfigurationPlatforms) = preSolution
		Debug|Any CPU = Debug|Any CPU
		Release|Any CPU = Release|Any CPU
	EndGlobalSection
	GlobalSection(ProjectConfigurationPlatforms) = postSolution
		{44EBDF72-D207-7CBD-5DC3-4FF68CC149DB}.Debug|Any CPU.ActiveCfg = Debug|Any CPU
		{44EBDF72-D207-7CBD-5DC3-4FF68CC149DB}.Debug|Any CPU.Build.0 = Debug|Any CPU
		{44EBDF72-D207-7CBD-5DC3-4FF68CC149DB}.Debug|Any CPU.Deploy.0 = Debug|Any CPU
		{44EBDF72-D207-7CBD-5DC3-4FF68CC149DB}.Release|Any CPU.ActiveCfg = Release|Any CPU
		{44EBDF72-D207-7CBD-5DC3-4FF68CC149DB}.Release|Any CPU.Build.0 = Release|Any CPU
	EndGlobalSection
	GlobalSection(SolutionProperties) = preSolution
		HideSolutionNode = FALSE
	EndGlobalSection
	GlobalSection(ExtensibilityGlobals) = postSolution
		SolutionGuid = {C5500C7D-D802-4D95-9316-57E4981309E8}
	EndGlobalSection
EndGlobal
